
Microsoft Visual Studio Solution File, Format Version 9.00
# Visual Studio 2005
Project("{E24C65DC-7377-472B-9ABA-BC803B73C61A}") = "E:\...\YcCourseWeb\", ".", "{BC92EC89-4CF8-4A56-8F70-D1E8D244E557}"
	ProjectSection(WebsiteProperties) = preProject
		Debug.AspNetCompiler.VirtualPath = "/YcCourseWeb"
		Debug.AspNetCompiler.PhysicalPath = "E:\----ASP.NET----\AN003010 -- 精品学院网站设计 【QT】(橘黄色)\YcCourseWeb\"
		Debug.AspNetCompiler.TargetPath = "PrecompiledWeb\YcCourseWeb\"
		Debug.AspNetCompiler.Updateable = "true"
		Debug.AspNetCompiler.ForceOverwrite = "true"
		Debug.AspNetCompiler.FixedNames = "false"
		Debug.AspNetCompiler.Debug = "True"
		Release.AspNetCompiler.VirtualPath = "/YcCourseWeb"
		Release.AspNetCompiler.PhysicalPath = "E:\----ASP.NET----\AN003010 -- 精品学院网站设计 【QT】(橘黄色)\YcCourseWeb\"
		Release.AspNetCompiler.TargetPath = "PrecompiledWeb\YcCourseWeb\"
		Release.AspNetCompiler.Updateable = "true"
		Release.AspNetCompiler.ForceOverwrite = "true"
		Release.AspNetCompiler.FixedNames = "false"
		Release.AspNetCompiler.Debug = "False"
		VWDPort = "6858"
	EndProjectSection
EndProject
Global
	GlobalSection(SolutionConfigurationPlatforms) = preSolution
		Debug|.NET = Debug|.NET
	EndGlobalSection
	GlobalSection(ProjectConfigurationPlatforms) = postSolution
		{BC92EC89-4CF8-4A56-8F70-D1E8D244E557}.Debug|.NET.ActiveCfg = Debug|.NET
		{BC92EC89-4CF8-4A56-8F70-D1E8D244E557}.Debug|.NET.Build.0 = Debug|.NET
	EndGlobalSection
	GlobalSection(SolutionProperties) = preSolution
		HideSolutionNode = FALSE
	EndGlobalSection
EndGlobal
